
Microsoft Visual Studio Solution File, Format Version 12.00
# Visual Studio Version 16
VisualStudioVersion = 16.0.29025.244
MinimumVisualStudioVersion = 10.0.40219.1
Project("{FAE04EC0-301F-11D3-BF4B-00C04F79EFBC}") = "MigrationUtilities", "src\MigrationUtilities\MigrationUtilities.csproj", "{D205B6EE-158A-4637-8032-3B2D1E0A24EB}"
EndProject
Project("{FAE04EC0-301F-11D3-BF4B-00C04F79EFBC}") = "MigrationUtilitiesTests", "tests\MigrationUtilitiesTests\MigrationUtilitiesTests.csproj", "{E0643E94-EF04-4CC8-8C67-B7E719EFD5B1}"
EndProject
Global
	GlobalSection(SolutionConfigurationPlatforms) = preSolution
		Debug|Any CPU = Debug|Any CPU
		Release|Any CPU = Release|Any CPU
	EndGlobalSection
	GlobalSection(ProjectConfigurationPlatforms) = postSolution
		{D205B6EE-158A-4637-8032-3B2D1E0A24EB}.Debug|Any CPU.ActiveCfg = Debug|Any CPU
		{D205B6EE-158A-4637-8032-3B2D1E0A24EB}.Debug|Any CPU.Build.0 = Debug|Any CPU
		{D205B6EE-158A-4637-8032-3B2D1E0A24EB}.Release|Any CPU.ActiveCfg = Release|Any CPU
		{D205B6EE-158A-4637-8032-3B2D1E0A24EB}.Release|Any CPU.Build.0 = Release|Any CPU
		{E0643E94-EF04-4CC8-8C67-B7E719EFD5B1}.Debug|Any CPU.ActiveCfg = Debug|Any CPU
		{E0643E94-EF04-4CC8-8C67-B7E719EFD5B1}.Debug|Any CPU.Build.0 = Debug|Any CPU
		{E0643E94-EF04-4CC8-8C67-B7E719EFD5B1}.Release|Any CPU.ActiveCfg = Release|Any CPU
		{E0643E94-EF04-4CC8-8C67-B7E719EFD5B1}.Release|Any CPU.Build.0 = Release|Any CPU
	EndGlobalSection
	GlobalSection(SolutionProperties) = preSolution
		HideSolutionNode = FALSE
	EndGlobalSection
	GlobalSection(ExtensibilityGlobals) = postSolution
		SolutionGuid = {5F085FED-D339-4F50-AA07-CA1CD57A97C2}
	EndGlobalSection
EndGlobal
